// !$*UTF8*$!
{
	archiveVersion = 1;
	classes = {
	};
	objectVersion = 56;
	objects = {

/* Begin PBXBuildFile section */
		39C8637A2B5CFD5900CD38F8 /* FavoriteButton.swift in Sources */ = {isa = PBXBuildFile; fileRef = 39C863792B5CFD5900CD38F8 /* FavoriteButton.swift */; };
		39C8637E2B5EAB8400CD38F8 /* Profile.swift in Sources */ = {isa = PBXBuildFile; fileRef = 39C8637D2B5EAB8400CD38F8 /* Profile.swift */; };
		39C863802B5EAD8100CD38F8 /* ProfileHost.swift in Sources */ = {isa = PBXBuildFile; fileRef = 39C8637F2B5EAD8100CD38F8 /* ProfileHost.swift */; };
		39C863842B5EAF7D00CD38F8 /* ProfileSummary.swift in Sources */ = {isa = PBXBuildFile; fileRef = 39C863832B5EAF7D00CD38F8 /* ProfileSummary.swift */; };
		39C863862B5EB2BF00CD38F8 /* SettingsView.swift in Sources */ = {isa = PBXBuildFile; fileRef = 39C863852B5EB2BF00CD38F8 /* SettingsView.swift */; };
		39C863882B5EB90600CD38F8 /* HikeBadge.swift in Sources */ = {isa = PBXBuildFile; fileRef = 39C863872B5EB90600CD38F8 /* HikeBadge.swift */; };
		39C8638A2B5EBEF300CD38F8 /* hikeData.json in Resources */ = {isa = PBXBuildFile; fileRef = 39C863892B5EBEF300CD38F8 /* hikeData.json */; };
		39C8638C2B5EBF1700CD38F8 /* Hike.swift in Sources */ = {isa = PBXBuildFile; fileRef = 39C8638B2B5EBF1700CD38F8 /* Hike.swift */; };
		39C863922B5FEFE000CD38F8 /* GraphCapsule.swift in Sources */ = {isa = PBXBuildFile; fileRef = 39C8638E2B5FEFE000CD38F8 /* GraphCapsule.swift */; };
		39C863932B5FEFE000CD38F8 /* HikeGraph.swift in Sources */ = {isa = PBXBuildFile; fileRef = 39C8638F2B5FEFE000CD38F8 /* HikeGraph.swift */; };
		39C863942B5FEFE000CD38F8 /* HikeDetail.swift in Sources */ = {isa = PBXBuildFile; fileRef = 39C863902B5FEFE000CD38F8 /* HikeDetail.swift */; };
		39C863952B5FEFE000CD38F8 /* HikeView.swift in Sources */ = {isa = PBXBuildFile; fileRef = 39C863912B5FEFE000CD38F8 /* HikeView.swift */; };
		BD0518BC2B609BD6005AFA9A /* CategoryHome.swift in Sources */ = {isa = PBXBuildFile; fileRef = BD0518BB2B609BD6005AFA9A /* CategoryHome.swift */; };
		BD0518BE2B60B0FB005AFA9A /* CatgoryRow.swift in Sources */ = {isa = PBXBuildFile; fileRef = BD0518BD2B60B0FB005AFA9A /* CatgoryRow.swift */; };
		BD0518C22B60B866005AFA9A /* CategoryItem.swift in Sources */ = {isa = PBXBuildFile; fileRef = BD0518C12B60B866005AFA9A /* CategoryItem.swift */; };
		BD0518C62B611281005AFA9A /* ProfileEditor.swift in Sources */ = {isa = PBXBuildFile; fileRef = BD0518C52B611281005AFA9A /* ProfileEditor.swift */; };
		BD32C1782B581CC200A9294A /* LandmarksApp.swift in Sources */ = {isa = PBXBuildFile; fileRef = BD32C1772B581CC200A9294A /* LandmarksApp.swift */; };
		BD32C17A2B581CC200A9294A /* ContentView.swift in Sources */ = {isa = PBXBuildFile; fileRef = BD32C1792B581CC200A9294A /* ContentView.swift */; };
		BD32C17C2B581CC300A9294A /* Assets.xcassets in Resources */ = {isa = PBXBuildFile; fileRef = BD32C17B2B581CC300A9294A /* Assets.xcassets */; };
		BD32C17F2B581CC300A9294A /* Preview Assets.xcassets in Resources */ = {isa = PBXBuildFile; fileRef = BD32C17E2B581CC300A9294A /* Preview Assets.xcassets */; };
		BD32C1892B581CC400A9294A /* LandmarksTests.swift in Sources */ = {isa = PBXBuildFile; fileRef = BD32C1882B581CC400A9294A /* LandmarksTests.swift */; };
		BD32C1932B581CC400A9294A /* LandmarksUITests.swift in Sources */ = {isa = PBXBuildFile; fileRef = BD32C1922B581CC400A9294A /* LandmarksUITests.swift */; };
		BD32C1952B581CC400A9294A /* LandmarksUITestsLaunchTests.swift in Sources */ = {isa = PBXBuildFile; fileRef = BD32C1942B581CC400A9294A /* LandmarksUITestsLaunchTests.swift */; };
		BD32C1A22B5937CE00A9294A /* CircleImage.swift in Sources */ = {isa = PBXBuildFile; fileRef = BD32C1A12B5937CE00A9294A /* CircleImage.swift */; };
		BD32C1A42B593EA700A9294A /* MapView.swift in Sources */ = {isa = PBXBuildFile; fileRef = BD32C1A32B593EA700A9294A /* MapView.swift */; };
		BD32C1A62B596E4E00A9294A /* landmarkData.json in Resources */ = {isa = PBXBuildFile; fileRef = BD32C1A52B596E4E00A9294A /* landmarkData.json */; };
		BD32C1A82B596EC600A9294A /* Landmark.swift in Sources */ = {isa = PBXBuildFile; fileRef = BD32C1A72B596EC600A9294A /* Landmark.swift */; };
		BD32C1AA2B5981B100A9294A /* ModelData.swift in Sources */ = {isa = PBXBuildFile; fileRef = BD32C1A92B5981B100A9294A /* ModelData.swift */; };
		BD32C1B32B5A54A300A9294A /* LandmarkRow.swift in Sources */ = {isa = PBXBuildFile; fileRef = BD32C1B22B5A54A300A9294A /* LandmarkRow.swift */; };
		BDC632F92B5A600B00CF0305 /* LandmarkList.swift in Sources */ = {isa = PBXBuildFile; fileRef = BDC632F82B5A600B00CF0305 /* LandmarkList.swift */; };
		BDC632FB2B5A629200CF0305 /* LandmarkDetail.swift in Sources */ = {isa = PBXBuildFile; fileRef = BDC632FA2B5A629200CF0305 /* LandmarkDetail.swift */; };
		BDD3DBBC2B5E4A0E0041C0AC /* BadgeBackground.swift in Sources */ = {isa = PBXBuildFile; fileRef = BDD3DBBB2B5E4A0E0041C0AC /* BadgeBackground.swift */; };
		BDD3DBBE2B5E5A870041C0AC /* BadgeSymbol.swift in Sources */ = {isa = PBXBuildFile; fileRef = BDD3DBBD2B5E5A870041C0AC /* BadgeSymbol.swift */; };
		BDD3DBC02B5E5E440041C0AC /* RotatedBadgeSymbol.swift in Sources */ = {isa = PBXBuildFile; fileRef = BDD3DBBF2B5E5E440041C0AC /* RotatedBadgeSymbol.swift */; };
		BDD3DBC22B5E5F730041C0AC /* Badge.swift in Sources */ = {isa = PBXBuildFile; fileRef = BDD3DBC12B5E5F730041C0AC /* Badge.swift */; };
		BDD3DBC52B5E70A30041C0AC /* MyBadge.swift in Sources */ = {isa = PBXBuildFile; fileRef = BDD3DBC42B5E70A30041C0AC /* MyBadge.swift */; };
		BDE6CD0D2B5DFDB2002DB396 /* HexagonParameters.swift in Sources */ = {isa = PBXBuildFile; fileRef = BDE6CD0C2B5DFDB2002DB396 /* HexagonParameters.swift */; };
/* End PBXBuildFile section */

/* Begin PBXContainerItemProxy section */
		BD32C1852B581CC400A9294A /* PBXContainerItemProxy */ = {
			isa = PBXContainerItemProxy;
			containerPortal = BD32C16C2B581CC200A9294A /* Project object */;
			proxyType = 1;
			remoteGlobalIDString = BD32C1732B581CC200A9294A;
			remoteInfo = Landmarks;
		};
		BD32C18F2B581CC400A9294A /* PBXContainerItemProxy */ = {
			isa = PBXContainerItemProxy;
			containerPortal = BD32C16C2B581CC200A9294A /* Project object */;
			proxyType = 1;
			remoteGlobalIDString = BD32C1732B581CC200A9294A;
			remoteInfo = Landmarks;
		};
/* End PBXContainerItemProxy section */

/* Begin PBXFileReference section */
		39C863792B5CFD5900CD38F8 /* FavoriteButton.swift */ = {isa = PBXFileReference; lastKnownFileType = sourcecode.swift; path = FavoriteButton.swift; sourceTree = "<group>"; };
		39C8637D2B5EAB8400CD38F8 /* Profile.swift */ = {isa = PBXFileReference; lastKnownFileType = sourcecode.swift; path = Profile.swift; sourceTree = "<group>"; };
		39C8637F2B5EAD8100CD38F8 /* ProfileHost.swift */ = {isa = PBXFileReference; lastKnownFileType = sourcecode.swift; path = ProfileHost.swift; sourceTree = "<group>"; };
		39C863832B5EAF7D00CD38F8 /* ProfileSummary.swift */ = {isa = PBXFileReference; lastKnownFileType = sourcecode.swift; path = ProfileSummary.swift; sourceTree = "<group>"; };
		39C863852B5EB2BF00CD38F8 /* SettingsView.swift */ = {isa = PBXFileReference; lastKnownFileType = sourcecode.swift; path = SettingsView.swift; sourceTree = "<group>"; };
		39C863872B5EB90600CD38F8 /* HikeBadge.swift */ = {isa = PBXFileReference; lastKnownFileType = sourcecode.swift; path = HikeBadge.swift; sourceTree = "<group>"; };
		39C863892B5EBEF300CD38F8 /* hikeData.json */ = {isa = PBXFileReference; fileEncoding = 4; lastKnownFileType = text.json; path = hikeData.json; sourceTree = "<group>"; };
		39C8638B2B5EBF1700CD38F8 /* Hike.swift */ = {isa = PBXFileReference; lastKnownFileType = sourcecode.swift; path = Hike.swift; sourceTree = "<group>"; };
		39C8638E2B5FEFE000CD38F8 /* GraphCapsule.swift */ = {isa = PBXFileReference; fileEncoding = 4; lastKnownFileType = sourcecode.swift; path = GraphCapsule.swift; sourceTree = "<group>"; };
		39C8638F2B5FEFE000CD38F8 /* HikeGraph.swift */ = {isa = PBXFileReference; fileEncoding = 4; lastKnownFileType = sourcecode.swift; path = HikeGraph.swift; sourceTree = "<group>"; };
		39C863902B5FEFE000CD38F8 /* HikeDetail.swift */ = {isa = PBXFileReference; fileEncoding = 4; lastKnownFileType = sourcecode.swift; path = HikeDetail.swift; sourceTree = "<group>"; };
		39C863912B5FEFE000CD38F8 /* HikeView.swift */ = {isa = PBXFileReference; fileEncoding = 4; lastKnownFileType = sourcecode.swift; path = HikeView.swift; sourceTree = "<group>"; };
		BD0518BB2B609BD6005AFA9A /* CategoryHome.swift */ = {isa = PBXFileReference; lastKnownFileType = sourcecode.swift; path = CategoryHome.swift; sourceTree = "<group>"; };
		BD0518BD2B60B0FB005AFA9A /* CatgoryRow.swift */ = {isa = PBXFileReference; lastKnownFileType = sourcecode.swift; path = CatgoryRow.swift; sourceTree = "<group>"; };
		BD0518C12B60B866005AFA9A /* CategoryItem.swift */ = {isa = PBXFileReference; lastKnownFileType = sourcecode.swift; path = CategoryItem.swift; sourceTree = "<group>"; };
		BD0518C52B611281005AFA9A /* ProfileEditor.swift */ = {isa = PBXFileReference; lastKnownFileType = sourcecode.swift; path = ProfileEditor.swift; sourceTree = "<group>"; };
		BD32C1742B581CC200A9294A /* Landmarks.app */ = {isa = PBXFileReference; explicitFileType = wrapper.application; includeInIndex = 0; path = Landmarks.app; sourceTree = BUILT_PRODUCTS_DIR; };
		BD32C1772B581CC200A9294A /* LandmarksApp.swift */ = {isa = PBXFileReference; lastKnownFileType = sourcecode.swift; path = LandmarksApp.swift; sourceTree = "<group>"; };
		BD32C1792B581CC200A9294A /* ContentView.swift */ = {isa = PBXFileReference; lastKnownFileType = sourcecode.swift; path = ContentView.swift; sourceTree = "<group>"; };
		BD32C17B2B581CC300A9294A /* Assets.xcassets */ = {isa = PBXFileReference; lastKnownFileType = folder.assetcatalog; path = Assets.xcassets; sourceTree = "<group>"; };
		BD32C17E2B581CC300A9294A /* Preview Assets.xcassets */ = {isa = PBXFileReference; lastKnownFileType = folder.assetcatalog; path = "Preview Assets.xcassets"; sourceTree = "<group>"; };
		BD32C1842B581CC400A9294A /* LandmarksTests.xctest */ = {isa = PBXFileReference; explicitFileType = wrapper.cfbundle; includeInIndex = 0; path = LandmarksTests.xctest; sourceTree = BUILT_PRODUCTS_DIR; };
		BD32C1882B581CC400A9294A /* LandmarksTests.swift */ = {isa = PBXFileReference; lastKnownFileType = sourcecode.swift; path = LandmarksTests.swift; sourceTree = "<group>"; };
		BD32C18E2B581CC400A9294A /* LandmarksUITests.xctest */ = {isa = PBXFileReference; explicitFileType = wrapper.cfbundle; includeInIndex = 0; path = LandmarksUITests.xctest; sourceTree = BUILT_PRODUCTS_DIR; };
		BD32C1922B581CC400A9294A /* LandmarksUITests.swift */ = {isa = PBXFileReference; lastKnownFileType = sourcecode.swift; path = LandmarksUITests.swift; sourceTree = "<group>"; };
		BD32C1942B581CC400A9294A /* LandmarksUITestsLaunchTests.swift */ = {isa = PBXFileReference; lastKnownFileType = sourcecode.swift; path = LandmarksUITestsLaunchTests.swift; sourceTree = "<group>"; };
		BD32C1A12B5937CE00A9294A /* CircleImage.swift */ = {isa = PBXFileReference; lastKnownFileType = sourcecode.swift; path = CircleImage.swift; sourceTree = "<group>"; };
		BD32C1A32B593EA700A9294A /* MapView.swift */ = {isa = PBXFileReference; lastKnownFileType = sourcecode.swift; path = MapView.swift; sourceTree = "<group>"; };
		BD32C1A52B596E4E00A9294A /* landmarkData.json */ = {isa = PBXFileReference; fileEncoding = 4; lastKnownFileType = text.json; path = landmarkData.json; sourceTree = "<group>"; };
		BD32C1A72B596EC600A9294A /* Landmark.swift */ = {isa = PBXFileReference; lastKnownFileType = sourcecode.swift; path = Landmark.swift; sourceTree = "<group>"; };
		BD32C1A92B5981B100A9294A /* ModelData.swift */ = {isa = PBXFileReference; lastKnownFileType = sourcecode.swift; path = ModelData.swift; sourceTree = "<group>"; };
		BD32C1B22B5A54A300A9294A /* LandmarkRow.swift */ = {isa = PBXFileReference; lastKnownFileType = sourcecode.swift; path = LandmarkRow.swift; sourceTree = "<group>"; };
		BDC632F82B5A600B00CF0305 /* LandmarkList.swift */ = {isa = PBXFileReference; lastKnownFileType = sourcecode.swift; path = LandmarkList.swift; sourceTree = "<group>"; };
		BDC632FA2B5A629200CF0305 /* LandmarkDetail.swift */ = {isa = PBXFileReference; lastKnownFileType = sourcecode.swift; path = LandmarkDetail.swift; sourceTree = "<group>"; };
		BDD3DBBB2B5E4A0E0041C0AC /* BadgeBackground.swift */ = {isa = PBXFileReference; lastKnownFileType = sourcecode.swift; path = BadgeBackground.swift; sourceTree = "<group>"; };
		BDD3DBBD2B5E5A870041C0AC /* BadgeSymbol.swift */ = {isa = PBXFileReference; lastKnownFileType = sourcecode.swift; path = BadgeSymbol.swift; sourceTree = "<group>"; };
		BDD3DBBF2B5E5E440041C0AC /* RotatedBadgeSymbol.swift */ = {isa = PBXFileReference; lastKnownFileType = sourcecode.swift; path = RotatedBadgeSymbol.swift; sourceTree = "<group>"; };
		BDD3DBC12B5E5F730041C0AC /* Badge.swift */ = {isa = PBXFileReference; lastKnownFileType = sourcecode.swift; path = Badge.swift; sourceTree = "<group>"; };
		BDD3DBC42B5E70A30041C0AC /* MyBadge.swift */ = {isa = PBXFileReference; lastKnownFileType = sourcecode.swift; path = MyBadge.swift; sourceTree = "<group>"; };
		BDE6CD0C2B5DFDB2002DB396 /* HexagonParameters.swift */ = {isa = PBXFileReference; lastKnownFileType = sourcecode.swift; path = HexagonParameters.swift; sourceTree = "<group>"; };
/* End PBXFileReference section */

/* Begin PBXFrameworksBuildPhase section */
		BD32C1712B581CC200A9294A /* Frameworks */ = {
			isa = PBXFrameworksBuildPhase;
			buildActionMask = 2147483647;
			files = (
			);
			runOnlyForDeploymentPostprocessing = 0;
		};
		BD32C1812B581CC400A9294A /* Frameworks */ = {
			isa = PBXFrameworksBuildPhase;
			buildActionMask = 2147483647;
			files = (
			);
			runOnlyForDeploymentPostprocessing = 0;
		};
		BD32C18B2B581CC400A9294A /* Frameworks */ = {
			isa = PBXFrameworksBuildPhase;
			buildActionMask = 2147483647;
			files = (
			);
			runOnlyForDeploymentPostprocessing = 0;
		};
/* End PBXFrameworksBuildPhase section */

/* Begin PBXGroup section */
		39C8637B2B5D013000CD38F8 /* Landmarks */ = {
			isa = PBXGroup;
			children = (
				BDC632FA2B5A629200CF0305 /* LandmarkDetail.swift */,
				BDC632F82B5A600B00CF0305 /* LandmarkList.swift */,
				BD32C1B22B5A54A300A9294A /* LandmarkRow.swift */,
			);
			path = Landmarks;
			sourceTree = "<group>";
		};
		39C8637C2B5D013900CD38F8 /* Helper */ = {
			isa = PBXGroup;
			children = (
				BD32C1A32B593EA700A9294A /* MapView.swift */,
				BD32C1A12B5937CE00A9294A /* CircleImage.swift */,
				39C863792B5CFD5900CD38F8 /* FavoriteButton.swift */,
			);
			path = Helper;
			sourceTree = "<group>";
		};
		39C863822B5EAF6000CD38F8 /* Profiles */ = {
			isa = PBXGroup;
			children = (
				39C8637F2B5EAD8100CD38F8 /* ProfileHost.swift */,
				39C863832B5EAF7D00CD38F8 /* ProfileSummary.swift */,
				BD0518C52B611281005AFA9A /* ProfileEditor.swift */,
			);
			path = Profiles;
			sourceTree = "<group>";
		};
		39C8638D2B5FEFE000CD38F8 /* Hikes */ = {
			isa = PBXGroup;
			children = (
				39C8638E2B5FEFE000CD38F8 /* GraphCapsule.swift */,
				39C8638F2B5FEFE000CD38F8 /* HikeGraph.swift */,
				39C863902B5FEFE000CD38F8 /* HikeDetail.swift */,
				39C863912B5FEFE000CD38F8 /* HikeView.swift */,
			);
			path = Hikes;
			sourceTree = "<group>";
		};
		BD0518BA2B609BB3005AFA9A /* Categories */ = {
			isa = PBXGroup;
			children = (
				BD0518BB2B609BD6005AFA9A /* CategoryHome.swift */,
				BD0518BD2B60B0FB005AFA9A /* CatgoryRow.swift */,
				BD0518C12B60B866005AFA9A /* CategoryItem.swift */,
			);
			path = Categories;
			sourceTree = "<group>";
		};
		BD32C16B2B581CC200A9294A = {
			isa = PBXGroup;
			children = (
				BD32C1762B581CC200A9294A /* Landmarks */,
				BD32C1872B581CC400A9294A /* LandmarksTests */,
				BD32C1912B581CC400A9294A /* LandmarksUITests */,
				BD32C1752B581CC200A9294A /* Products */,
			);
			sourceTree = "<group>";
		};
		BD32C1752B581CC200A9294A /* Products */ = {
			isa = PBXGroup;
			children = (
				BD32C1742B581CC200A9294A /* Landmarks.app */,
				BD32C1842B581CC400A9294A /* LandmarksTests.xctest */,
				BD32C18E2B581CC400A9294A /* LandmarksUITests.xctest */,
			);
			name = Products;
			sourceTree = "<group>";
		};
		BD32C1762B581CC200A9294A /* Landmarks */ = {
			isa = PBXGroup;
			children = (
				BD32C1772B581CC200A9294A /* LandmarksApp.swift */,
				BD32C1B12B5A544C00A9294A /* Resources */,
				BD32C1B02B5A542F00A9294A /* Model */,
				BD32C1AF2B5A541600A9294A /* Views */,
				BD32C17B2B581CC300A9294A /* Assets.xcassets */,
				BD32C17D2B581CC300A9294A /* Preview Content */,
			);
			path = Landmarks;
			sourceTree = "<group>";
		};
		BD32C17D2B581CC300A9294A /* Preview Content */ = {
			isa = PBXGroup;
			children = (
				BD32C17E2B581CC300A9294A /* Preview Assets.xcassets */,
			);
			path = "Preview Content";
			sourceTree = "<group>";
		};
		BD32C1872B581CC400A9294A /* LandmarksTests */ = {
			isa = PBXGroup;
			children = (
				BD32C1882B581CC400A9294A /* LandmarksTests.swift */,
			);
			path = LandmarksTests;
			sourceTree = "<group>";
		};
		BD32C1912B581CC400A9294A /* LandmarksUITests */ = {
			isa = PBXGroup;
			children = (
				BD32C1922B581CC400A9294A /* LandmarksUITests.swift */,
				BD32C1942B581CC400A9294A /* LandmarksUITestsLaunchTests.swift */,
			);
			path = LandmarksUITests;
			sourceTree = "<group>";
		};
		BD32C1AF2B5A541600A9294A /* Views */ = {
			isa = PBXGroup;
			children = (
				BD0518BA2B609BB3005AFA9A /* Categories */,
				39C8638D2B5FEFE000CD38F8 /* Hikes */,
				39C863822B5EAF6000CD38F8 /* Profiles */,
				BDD3DBC32B5E641B0041C0AC /* Badges */,
				39C8637C2B5D013900CD38F8 /* Helper */,
				39C8637B2B5D013000CD38F8 /* Landmarks */,
				BD32C1792B581CC200A9294A /* ContentView.swift */,
				39C863852B5EB2BF00CD38F8 /* SettingsView.swift */,
				39C863872B5EB90600CD38F8 /* HikeBadge.swift */,
			);
			path = Views;
			sourceTree = "<group>";
		};
		BD32C1B02B5A542F00A9294A /* Model */ = {
			isa = PBXGroup;
			children = (
				BD32C1A92B5981B100A9294A /* ModelData.swift */,
				BD32C1A72B596EC600A9294A /* Landmark.swift */,
				39C8637D2B5EAB8400CD38F8 /* Profile.swift */,
				39C8638B2B5EBF1700CD38F8 /* Hike.swift */,
			);
			path = Model;
			sourceTree = "<group>";
		};
		BD32C1B12B5A544C00A9294A /* Resources */ = {
			isa = PBXGroup;
			children = (
				39C863892B5EBEF300CD38F8 /* hikeData.json */,
				BD32C1A52B596E4E00A9294A /* landmarkData.json */,
			);
			path = Resources;
			sourceTree = "<group>";
		};
		BDD3DBC32B5E641B0041C0AC /* Badges */ = {
			isa = PBXGroup;
			children = (
				BDE6CD0C2B5DFDB2002DB396 /* HexagonParameters.swift */,
				BDD3DBBB2B5E4A0E0041C0AC /* BadgeBackground.swift */,
				BDD3DBBD2B5E5A870041C0AC /* BadgeSymbol.swift */,
				BDD3DBBF2B5E5E440041C0AC /* RotatedBadgeSymbol.swift */,
				BDD3DBC12B5E5F730041C0AC /* Badge.swift */,
				BDD3DBC42B5E70A30041C0AC /* MyBadge.swift */,
			);
			path = Badges;
			sourceTree = "<group>";
		};
/* End PBXGroup section */

/* Begin PBXNativeTarget section */
		BD32C1732B581CC200A9294A /* Landmarks */ = {
			isa = PBXNativeTarget;
			buildConfigurationList = BD32C1982B581CC400A9294A /* Build configuration list for PBXNativeTarget "Landmarks" */;
			buildPhases = (
				BD32C1702B581CC200A9294A /* Sources */,
				BD32C1712B581CC200A9294A /* Frameworks */,
				BD32C1722B581CC200A9294A /* Resources */,
			);
			buildRules = (
			);
			dependencies = (
			);
			name = Landmarks;
			productName = Landmarks;
			productReference = BD32C1742B581CC200A9294A /* Landmarks.app */;
			productType = "com.apple.product-type.application";
		};
		BD32C1832B581CC400A9294A /* LandmarksTests */ = {
			isa = PBXNativeTarget;
			buildConfigurationList = BD32C19B2B581CC400A9294A /* Build configuration list for PBXNativeTarget "LandmarksTests" */;
			buildPhases = (
				BD32C1802B581CC400A9294A /* Sources */,
				BD32C1812B581CC400A9294A /* Frameworks */,
				BD32C1822B581CC400A9294A /* Resources */,
			);
			buildRules = (
			);
			dependencies = (
				BD32C1862B581CC400A9294A /* PBXTargetDependency */,
			);
			name = LandmarksTests;
			productName = LandmarksTests;
			productReference = BD32C1842B581CC400A9294A /* LandmarksTests.xctest */;
			productType = "com.apple.product-type.bundle.unit-test";
		};
		BD32C18D2B581CC400A9294A /* LandmarksUITests */ = {
			isa = PBXNativeTarget;
			buildConfigurationList = BD32C19E2B581CC400A9294A /* Build configuration list for PBXNativeTarget "LandmarksUITests" */;
			buildPhases = (
				BD32C18A2B581CC400A9294A /* Sources */,
				BD32C18B2B581CC400A9294A /* Frameworks */,
				BD32C18C2B581CC400A9294A /* Resources */,
			);
			buildRules = (
			);
			dependencies = (
				BD32C1902B581CC400A9294A /* PBXTargetDependency */,
			);
			name = LandmarksUITests;
			productName = LandmarksUITests;
			productReference = BD32C18E2B581CC400A9294A /* LandmarksUITests.xctest */;
			productType = "com.apple.product-type.bundle.ui-testing";
		};
/* End PBXNativeTarget section */

/* Begin PBXProject section */
		BD32C16C2B581CC200A9294A /* Project object */ = {
			isa = PBXProject;
			attributes = {
				BuildIndependentTargetsInParallel = 1;
				LastSwiftUpdateCheck = 1520;
				LastUpgradeCheck = 1520;
				TargetAttributes = {
					BD32C1732B581CC200A9294A = {
						CreatedOnToolsVersion = 15.2;
					};
					BD32C1832B581CC400A9294A = {
						CreatedOnToolsVersion = 15.2;
						TestTargetID = BD32C1732B581CC200A9294A;
					};
					BD32C18D2B581CC400A9294A = {
						CreatedOnToolsVersion = 15.2;
						TestTargetID = BD32C1732B581CC200A9294A;
					};
				};
			};
			buildConfigurationList = BD32C16F2B581CC200A9294A /* Build configuration list for PBXProject "Landmarks" */;
			compatibilityVersion = "Xcode 14.0";
			developmentRegion = en;
			hasScannedForEncodings = 0;
			knownRegions = (
				en,
				Base,
			);
			mainGroup = BD32C16B2B581CC200A9294A;
			productRefGroup = BD32C1752B581CC200A9294A /* Products */;
			projectDirPath = "";
			projectRoot = "";
			targets = (
				BD32C1732B581CC200A9294A /* Landmarks */,
				BD32C1832B581CC400A9294A /* LandmarksTests */,
				BD32C18D2B581CC400A9294A /* LandmarksUITests */,
			);
		};
/* End PBXProject section */

/* Begin PBXResourcesBuildPhase section */
		BD32C1722B581CC200A9294A /* Resources */ = {
			isa = PBXResourcesBuildPhase;
			buildActionMask = 2147483647;
			files = (
				39C8638A2B5EBEF300CD38F8 /* hikeData.json in Resources */,
				BD32C17F2B581CC300A9294A /* Preview Assets.xcassets in Resources */,
				BD32C17C2B581CC300A9294A /* Assets.xcassets in Resources */,
				BD32C1A62B596E4E00A9294A /* landmarkData.json in Resources */,
			);
			runOnlyForDeploymentPostprocessing = 0;
		};
		BD32C1822B581CC400A9294A /* Resources */ = {
			isa = PBXResourcesBuildPhase;
			buildActionMask = 2147483647;
			files = (
			);
			runOnlyForDeploymentPostprocessing = 0;
		};
		BD32C18C2B581CC400A9294A /* Resources */ = {
			isa = PBXResourcesBuildPhase;
			buildActionMask = 2147483647;
			files = (
			);
			runOnlyForDeploymentPostprocessing = 0;
		};
/* End PBXResourcesBuildPhase section */

/* Begin PBXSourcesBuildPhase section */
		BD32C1702B581CC200A9294A /* Sources */ = {
			isa = PBXSourcesBuildPhase;
			buildActionMask = 2147483647;
			files = (
				39C8637E2B5EAB8400CD38F8 /* Profile.swift in Sources */,
				BD0518BC2B609BD6005AFA9A /* CategoryHome.swift in Sources */,
				BD0518C62B611281005AFA9A /* ProfileEditor.swift in Sources */,
				BD32C17A2B581CC200A9294A /* ContentView.swift in Sources */,
				BDD3DBC52B5E70A30041C0AC /* MyBadge.swift in Sources */,
				BDD3DBC22B5E5F730041C0AC /* Badge.swift in Sources */,
				39C8638C2B5EBF1700CD38F8 /* Hike.swift in Sources */,
				BD32C1A42B593EA700A9294A /* MapView.swift in Sources */,
				39C863922B5FEFE000CD38F8 /* GraphCapsule.swift in Sources */,
				39C863952B5FEFE000CD38F8 /* HikeView.swift in Sources */,
				39C863862B5EB2BF00CD38F8 /* SettingsView.swift in Sources */,
				BD32C1782B581CC200A9294A /* LandmarksApp.swift in Sources */,
				39C863942B5FEFE000CD38F8 /* HikeDetail.swift in Sources */,
				39C8637A2B5CFD5900CD38F8 /* FavoriteButton.swift in Sources */,
				BDE6CD0D2B5DFDB2002DB396 /* HexagonParameters.swift in Sources */,
				BDD3DBC02B5E5E440041C0AC /* RotatedBadgeSymbol.swift in Sources */,
				BDD3DBBE2B5E5A870041C0AC /* BadgeSymbol.swift in Sources */,
				39C863932B5FEFE000CD38F8 /* HikeGraph.swift in Sources */,
				BDC632F92B5A600B00CF0305 /* LandmarkList.swift in Sources */,
				BDC632FB2B5A629200CF0305 /* LandmarkDetail.swift in Sources */,
				39C863882B5EB90600CD38F8 /* HikeBadge.swift in Sources */,
				BD0518BE2B60B0FB005AFA9A /* CatgoryRow.swift in Sources */,
				BDD3DBBC2B5E4A0E0041C0AC /* BadgeBackground.swift in Sources */,
				BD32C1B32B5A54A300A9294A /* LandmarkRow.swift in Sources */,
				BD32C1A22B5937CE00A9294A /* CircleImage.swift in Sources */,
				39C863802B5EAD8100CD38F8 /* ProfileHost.swift in Sources */,
				BD32C1A82B596EC600A9294A /* Landmark.swift in Sources */,
				39C863842B5EAF7D00CD38F8 /* ProfileSummary.swift in Sources */,
				BD0518C22B60B866005AFA9A /* CategoryItem.swift in Sources */,
				BD32C1AA2B5981B100A9294A /* ModelData.swift in Sources */,
			);
			runOnlyForDeploymentPostprocessing = 0;
		};
		BD32C1802B581CC400A9294A /* Sources */ = {
			isa = PBXSourcesBuildPhase;
			buildActionMask = 2147483647;
			files = (
				BD32C1892B581CC400A9294A /* LandmarksTests.swift in Sources */,
			);
			runOnlyForDeploymentPostprocessing = 0;
		};
		BD32C18A2B581CC400A9294A /* Sources */ = {
			isa = PBXSourcesBuildPhase;
			buildActionMask = 2147483647;
			files = (
				BD32C1952B581CC400A9294A /* LandmarksUITestsLaunchTests.swift in Sources */,
				BD32C1932B581CC400A9294A /* LandmarksUITests.swift in Sources */,
			);
			runOnlyForDeploymentPostprocessing = 0;
		};
/* End PBXSourcesBuildPhase section */

/* Begin PBXTargetDependency section */
		BD32C1862B581CC400A9294A /* PBXTargetDependency */ = {
			isa = PBXTargetDependency;
			target = BD32C1732B581CC200A9294A /* Landmarks */;
			targetProxy = BD32C1852B581CC400A9294A /* PBXContainerItemProxy */;
		};
		BD32C1902B581CC400A9294A /* PBXTargetDependency */ = {
			isa = PBXTargetDependency;
			target = BD32C1732B581CC200A9294A /* Landmarks */;
			targetProxy = BD32C18F2B581CC400A9294A /* PBXContainerItemProxy */;
		};
/* End PBXTargetDependency section */

/* Begin XCBuildConfiguration section */
		BD32C1962B581CC400A9294A /* Debug */ = {
			isa = XCBuildConfiguration;
			buildSettings = {
				ALWAYS_SEARCH_USER_PATHS = NO;
				ASSETCATALOG_COMPILER_GENERATE_SWIFT_ASSET_SYMBOL_EXTENSIONS = YES;
				CLANG_ANALYZER_NONNULL = YES;
				CLANG_ANALYZER_NUMBER_OBJECT_CONVERSION = YES_AGGRESSIVE;
				CLANG_CXX_LANGUAGE_STANDARD = "gnu++20";
				CLANG_ENABLE_MODULES = YES;
				CLANG_ENABLE_OBJC_ARC = YES;
				CLANG_ENABLE_OBJC_WEAK = YES;
				CLANG_WARN_BLOCK_CAPTURE_AUTORELEASING = YES;
				CLANG_WARN_BOOL_CONVERSION = YES;
				CLANG_WARN_COMMA = YES;
				CLANG_WARN_CONSTANT_CONVERSION = YES;
				CLANG_WARN_DEPRECATED_OBJC_IMPLEMENTATIONS = YES;
				CLANG_WARN_DIRECT_OBJC_ISA_USAGE = YES_ERROR;
				CLANG_WARN_DOCUMENTATION_COMMENTS = YES;
				CLANG_WARN_EMPTY_BODY = YES;
				CLANG_WARN_ENUM_CONVERSION = YES;
				CLANG_WARN_INFINITE_RECURSION = YES;
				CLANG_WARN_INT_CONVERSION = YES;
				CLANG_WARN_NON_LITERAL_NULL_CONVERSION = YES;
				CLANG_WARN_OBJC_IMPLICIT_RETAIN_SELF = YES;
				CLANG_WARN_OBJC_LITERAL_CONVERSION = YES;
				CLANG_WARN_OBJC_ROOT_CLASS = YES_ERROR;
				CLANG_WARN_QUOTED_INCLUDE_IN_FRAMEWORK_HEADER = YES;
				CLANG_WARN_RANGE_LOOP_ANALYSIS = YES;
				CLANG_WARN_STRICT_PROTOTYPES = YES;
				CLANG_WARN_SUSPICIOUS_MOVE = YES;
				CLANG_WARN_UNGUARDED_AVAILABILITY = YES_AGGRESSIVE;
				CLANG_WARN_UNREACHABLE_CODE = YES;
				CLANG_WARN__DUPLICATE_METHOD_MATCH = YES;
				COPY_PHASE_STRIP = NO;
				DEBUG_INFORMATION_FORMAT = dwarf;
				ENABLE_STRICT_OBJC_MSGSEND = YES;
				ENABLE_TESTABILITY = YES;
				ENABLE_USER_SCRIPT_SANDBOXING = YES;
				GCC_C_LANGUAGE_STANDARD = gnu17;
				GCC_DYNAMIC_NO_PIC = NO;
				GCC_NO_COMMON_BLOCKS = YES;
				GCC_OPTIMIZATION_LEVEL = 0;
				GCC_PREPROCESSOR_DEFINITIONS = (
					"DEBUG=1",
					"$(inherited)",
				);
				GCC_WARN_64_TO_32_BIT_CONVERSION = YES;
				GCC_WARN_ABOUT_RETURN_TYPE = YES_ERROR;
				GCC_WARN_UNDECLARED_SELECTOR = YES;
				GCC_WARN_UNINITIALIZED_AUTOS = YES_AGGRESSIVE;
				GCC_WARN_UNUSED_FUNCTION = YES;
				GCC_WARN_UNUSED_VARIABLE = YES;
				IPHONEOS_DEPLOYMENT_TARGET = 17.2;
				LOCALIZATION_PREFERS_STRING_CATALOGS = YES;
				MTL_ENABLE_DEBUG_INFO = INCLUDE_SOURCE;
				MTL_FAST_MATH = YES;
				ONLY_ACTIVE_ARCH = YES;
				SDKROOT = iphoneos;
				SWIFT_ACTIVE_COMPILATION_CONDITIONS = "DEBUG $(inherited)";
				SWIFT_OPTIMIZATION_LEVEL = "-Onone";
			};
			name = Debug;
		};
		BD32C1972B581CC400A9294A /* Release */ = {
			isa = XCBuildConfiguration;
			buildSettings = {
				ALWAYS_SEARCH_USER_PATHS = NO;
				ASSETCATALOG_COMPILER_GENERATE_SWIFT_ASSET_SYMBOL_EXTENSIONS = YES;
				CLANG_ANALYZER_NONNULL = YES;
				CLANG_ANALYZER_NUMBER_OBJECT_CONVERSION = YES_AGGRESSIVE;
				CLANG_CXX_LANGUAGE_STANDARD = "gnu++20";
				CLANG_ENABLE_MODULES = YES;
				CLANG_ENABLE_OBJC_ARC = YES;
				CLANG_ENABLE_OBJC_WEAK = YES;
				CLANG_WARN_BLOCK_CAPTURE_AUTORELEASING = YES;
				CLANG_WARN_BOOL_CONVERSION = YES;
				CLANG_WARN_COMMA = YES;
				CLANG_WARN_CONSTANT_CONVERSION = YES;
				CLANG_WARN_DEPRECATED_OBJC_IMPLEMENTATIONS = YES;
				CLANG_WARN_DIRECT_OBJC_ISA_USAGE = YES_ERROR;
				CLANG_WARN_DOCUMENTATION_COMMENTS = YES;
				CLANG_WARN_EMPTY_BODY = YES;
				CLANG_WARN_ENUM_CONVERSION = YES;
				CLANG_WARN_INFINITE_RECURSION = YES;
				CLANG_WARN_INT_CONVERSION = YES;
				CLANG_WARN_NON_LITERAL_NULL_CONVERSION = YES;
				CLANG_WARN_OBJC_IMPLICIT_RETAIN_SELF = YES;
				CLANG_WARN_OBJC_LITERAL_CONVERSION = YES;
				CLANG_WARN_OBJC_ROOT_CLASS = YES_ERROR;
				CLANG_WARN_QUOTED_INCLUDE_IN_FRAMEWORK_HEADER = YES;
				CLANG_WARN_RANGE_LOOP_ANALYSIS = YES;
				CLANG_WARN_STRICT_PROTOTYPES = YES;
				CLANG_WARN_SUSPICIOUS_MOVE = YES;
				CLANG_WARN_UNGUARDED_AVAILABILITY = YES_AGGRESSIVE;
				CLANG_WARN_UNREACHABLE_CODE = YES;
				CLANG_WARN__DUPLICATE_METHOD_MATCH = YES;
				COPY_PHASE_STRIP = NO;
				DEBUG_INFORMATION_FORMAT = "dwarf-with-dsym";
				ENABLE_NS_ASSERTIONS = NO;
				ENABLE_STRICT_OBJC_MSGSEND = YES;
				ENABLE_USER_SCRIPT_SANDBOXING = YES;
				GCC_C_LANGUAGE_STANDARD = gnu17;
				GCC_NO_COMMON_BLOCKS = YES;
				GCC_WARN_64_TO_32_BIT_CONVERSION = YES;
				GCC_WARN_ABOUT_RETURN_TYPE = YES_ERROR;
				GCC_WARN_UNDECLARED_SELECTOR = YES;
				GCC_WARN_UNINITIALIZED_AUTOS = YES_AGGRESSIVE;
				GCC_WARN_UNUSED_FUNCTION = YES;
				GCC_WARN_UNUSED_VARIABLE = YES;
				IPHONEOS_DEPLOYMENT_TARGET = 17.2;
				LOCALIZATION_PREFERS_STRING_CATALOGS = YES;
				MTL_ENABLE_DEBUG_INFO = NO;
				MTL_FAST_MATH = YES;
				SDKROOT = iphoneos;
				SWIFT_COMPILATION_MODE = wholemodule;
				VALIDATE_PRODUCT = YES;
			};
			name = Release;
		};
		BD32C1992B581CC400A9294A /* Debug */ = {
			isa = XCBuildConfiguration;
			buildSettings = {
				ASSETCATALOG_COMPILER_APPICON_NAME = AppIcon;
				ASSETCATALOG_COMPILER_GLOBAL_ACCENT_COLOR_NAME = AccentColor;
				CODE_SIGN_STYLE = Automatic;
				CURRENT_PROJECT_VERSION = 1;
				DEVELOPMENT_ASSET_PATHS = "\"Landmarks/Preview Content\"";
				DEVELOPMENT_TEAM = MU8U64S8D2;
				ENABLE_PREVIEWS = YES;
				GENERATE_INFOPLIST_FILE = YES;
				INFOPLIST_KEY_UIApplicationSceneManifest_Generation = YES;
				INFOPLIST_KEY_UIApplicationSupportsIndirectInputEvents = YES;
				INFOPLIST_KEY_UILaunchScreen_Generation = YES;
				INFOPLIST_KEY_UISupportedInterfaceOrientations_iPad = "UIInterfaceOrientationPortrait UIInterfaceOrientationPortraitUpsideDown UIInterfaceOrientationLandscapeLeft UIInterfaceOrientationLandscapeRight";
				INFOPLIST_KEY_UISupportedInterfaceOrientations_iPhone = "UIInterfaceOrientationPortrait UIInterfaceOrientationLandscapeLeft UIInterfaceOrientationLandscapeRight";
				LD_RUNPATH_SEARCH_PATHS = (
					"$(inherited)",
					"@executable_path/Frameworks",
				);
				MARKETING_VERSION = 1.0;
				PRODUCT_BUNDLE_IDENTIFIER = kr.coco.Landmarks;
				PRODUCT_NAME = "$(TARGET_NAME)";
				SWIFT_EMIT_LOC_STRINGS = YES;
				SWIFT_VERSION = 5.0;
				TARGETED_DEVICE_FAMILY = "1,2";
			};
			name = Debug;
		};
		BD32C19A2B581CC400A9294A /* Release */ = {
			isa = XCBuildConfiguration;
			buildSettings = {
				ASSETCATALOG_COMPILER_APPICON_NAME = AppIcon;
				ASSETCATALOG_COMPILER_GLOBAL_ACCENT_COLOR_NAME = AccentColor;
				CODE_SIGN_STYLE = Automatic;
				CURRENT_PROJECT_VERSION = 1;
				DEVELOPMENT_ASSET_PATHS = "\"Landmarks/Preview Content\"";
				DEVELOPMENT_TEAM = MU8U64S8D2;
				ENABLE_PREVIEWS = YES;
				GENERATE_INFOPLIST_FILE = YES;
				INFOPLIST_KEY_UIApplicationSceneManifest_Generation = YES;
				INFOPLIST_KEY_UIApplicationSupportsIndirectInputEvents = YES;
				INFOPLIST_KEY_UILaunchScreen_Generation = YES;
				INFOPLIST_KEY_UISupportedInterfaceOrientations_iPad = "UIInterfaceOrientationPortrait UIInterfaceOrientationPortraitUpsideDown UIInterfaceOrientationLandscapeLeft UIInterfaceOrientationLandscapeRight";
				INFOPLIST_KEY_UISupportedInterfaceOrientations_iPhone = "UIInterfaceOrientationPortrait UIInterfaceOrientationLandscapeLeft UIInterfaceOrientationLandscapeRight";
				LD_RUNPATH_SEARCH_PATHS = (
					"$(inherited)",
					"@executable_path/Frameworks",
				);
				MARKETING_VERSION = 1.0;
				PRODUCT_BUNDLE_IDENTIFIER = kr.coco.Landmarks;
				PRODUCT_NAME = "$(TARGET_NAME)";
				SWIFT_EMIT_LOC_STRINGS = YES;
				SWIFT_VERSION = 5.0;
				TARGETED_DEVICE_FAMILY = "1,2";
			};
			name = Release;
		};
		BD32C19C2B581CC400A9294A /* Debug */ = {
			isa = XCBuildConfiguration;
			buildSettings = {
				ALWAYS_EMBED_SWIFT_STANDARD_LIBRARIES = YES;
				BUNDLE_LOADER = "$(TEST_HOST)";
				CODE_SIGN_STYLE = Automatic;
				CURRENT_PROJECT_VERSION = 1;
				DEVELOPMENT_TEAM = MU8U64S8D2;
				GENERATE_INFOPLIST_FILE = YES;
				IPHONEOS_DEPLOYMENT_TARGET = 17.2;
				MARKETING_VERSION = 1.0;
				PRODUCT_BUNDLE_IDENTIFIER = kr.coco.LandmarksTests;
				PRODUCT_NAME = "$(TARGET_NAME)";
				SWIFT_EMIT_LOC_STRINGS = NO;
				SWIFT_VERSION = 5.0;
				TARGETED_DEVICE_FAMILY = "1,2";
				TEST_HOST = "$(BUILT_PRODUCTS_DIR)/Landmarks.app/$(BUNDLE_EXECUTABLE_FOLDER_PATH)/Landmarks";
			};
			name = Debug;
		};
		BD32C19D2B581CC400A9294A /* Release */ = {
			isa = XCBuildConfiguration;
			buildSettings = {
				ALWAYS_EMBED_SWIFT_STANDARD_LIBRARIES = YES;
				BUNDLE_LOADER = "$(TEST_HOST)";
				CODE_SIGN_STYLE = Automatic;
				CURRENT_PROJECT_VERSION = 1;
				DEVELOPMENT_TEAM = MU8U64S8D2;
				GENERATE_INFOPLIST_FILE = YES;
				IPHONEOS_DEPLOYMENT_TARGET = 17.2;
				MARKETING_VERSION = 1.0;
				PRODUCT_BUNDLE_IDENTIFIER = kr.coco.LandmarksTests;
				PRODUCT_NAME = "$(TARGET_NAME)";
				SWIFT_EMIT_LOC_STRINGS = NO;
				SWIFT_VERSION = 5.0;
				TARGETED_DEVICE_FAMILY = "1,2";
				TEST_HOST = "$(BUILT_PRODUCTS_DIR)/Landmarks.app/$(BUNDLE_EXECUTABLE_FOLDER_PATH)/Landmarks";
			};
			name = Release;
		};
		BD32C19F2B581CC400A9294A /* Debug */ = {
			isa = XCBuildConfiguration;
			buildSettings = {
				ALWAYS_EMBED_SWIFT_STANDARD_LIBRARIES = YES;
				CODE_SIGN_STYLE = Automatic;
				CURRENT_PROJECT_VERSION = 1;
				DEVELOPMENT_TEAM = MU8U64S8D2;
				GENERATE_INFOPLIST_FILE = YES;
				MARKETING_VERSION = 1.0;
				PRODUCT_BUNDLE_IDENTIFIER = kr.coco.LandmarksUITests;
				PRODUCT_NAME = "$(TARGET_NAME)";
				SWIFT_EMIT_LOC_STRINGS = NO;
				SWIFT_VERSION = 5.0;
				TARGETED_DEVICE_FAMILY = "1,2";
				TEST_TARGET_NAME = Landmarks;
			};
			name = Debug;
		};
		BD32C1A02B581CC400A9294A /* Release */ = {
			isa = XCBuildConfiguration;
			buildSettings = {
				ALWAYS_EMBED_SWIFT_STANDARD_LIBRARIES = YES;
				CODE_SIGN_STYLE = Automatic;
				CURRENT_PROJECT_VERSION = 1;
				DEVELOPMENT_TEAM = MU8U64S8D2;
				GENERATE_INFOPLIST_FILE = YES;
				MARKETING_VERSION = 1.0;
				PRODUCT_BUNDLE_IDENTIFIER = kr.coco.LandmarksUITests;
				PRODUCT_NAME = "$(TARGET_NAME)";
				SWIFT_EMIT_LOC_STRINGS = NO;
				SWIFT_VERSION = 5.0;
				TARGETED_DEVICE_FAMILY = "1,2";
				TEST_TARGET_NAME = Landmarks;
			};
			name = Release;
		};
/* End XCBuildConfiguration section */

/* Begin XCConfigurationList section */
		BD32C16F2B581CC200A9294A /* Build configuration list for PBXProject "Landmarks" */ = {
			isa = XCConfigurationList;
			buildConfigurations = (
				BD32C1962B581CC400A9294A /* Debug */,
				BD32C1972B581CC400A9294A /* Release */,
			);
			defaultConfigurationIsVisible = 0;
			defaultConfigurationName = Release;
		};
		BD32C1982B581CC400A9294A /* Build configuration list for PBXNativeTarget "Landmarks" */ = {
			isa = XCConfigurationList;
			buildConfigurations = (
				BD32C1992B581CC400A9294A /* Debug */,
				BD32C19A2B581CC400A9294A /* Release */,
			);
			defaultConfigurationIsVisible = 0;
			defaultConfigurationName = Release;
		};
		BD32C19B2B581CC400A9294A /* Build configuration list for PBXNativeTarget "LandmarksTests" */ = {
			isa = XCConfigurationList;
			buildConfigurations = (
				BD32C19C2B581CC400A9294A /* Debug */,
				BD32C19D2B581CC400A9294A /* Release */,
			);
			defaultConfigurationIsVisible = 0;
			defaultConfigurationName = Release;
		};
		BD32C19E2B581CC400A9294A /* Build configuration list for PBXNativeTarget "LandmarksUITests" */ = {
			isa = XCConfigurationList;
			buildConfigurations = (
				BD32C19F2B581CC400A9294A /* Debug */,
				BD32C1A02B581CC400A9294A /* Release */,
			);
			defaultConfigurationIsVisible = 0;
			defaultConfigurationName = Release;
		};
/* End XCConfigurationList section */
	};
	rootObject = BD32C16C2B581CC200A9294A /* Project object */;
}
